
Microsoft Visual Studio Solution File, Format Version 12.00
# Visual Studio Version 16
VisualStudioVersion = 16.0.31129.286
MinimumVisualStudioVersion = 10.0.40219.1
Project("{9A19103F-16F7-4668-BE54-9A1E7A4F7556}") = "matematikos uzduotius", "matematikos uzduotius\matematikos uzduotius.csproj", "{65363F8E-C41A-4A66-8ECF-D94443CF1477}"
EndProject
Global
	GlobalSection(SolutionConfigurationPlatforms) = preSolution
		Debug|Any CPU = Debug|Any CPU
		Release|Any CPU = Release|Any CPU
	EndGlobalSection
	GlobalSection(ProjectConfigurationPlatforms) = postSolution
		{65363F8E-C41A-4A66-8ECF-D94443CF1477}.Debug|Any CPU.ActiveCfg = Debug|Any CPU
		{65363F8E-C41A-4A66-8ECF-D94443CF1477}.Debug|Any CPU.Build.0 = Debug|Any CPU
		{65363F8E-C41A-4A66-8ECF-D94443CF1477}.Release|Any CPU.ActiveCfg = Release|Any CPU
		{65363F8E-C41A-4A66-8ECF-D94443CF1477}.Release|Any CPU.Build.0 = Release|Any CPU
	EndGlobalSection
	GlobalSection(SolutionProperties) = preSolution
		HideSolutionNode = FALSE
	EndGlobalSection
	GlobalSection(ExtensibilityGlobals) = postSolution
		SolutionGuid = {BEEFE893-5CB6-4190-8CBB-627C04891F4E}
	EndGlobalSection
EndGlobal
